
Microsoft Visual Studio Solution File, Format Version 12.00
# Visual Studio Version 17
VisualStudioVersion = 17.7.34024.191
MinimumVisualStudioVersion = 10.0.40219.1
Project("{FAE04EC0-301F-11D3-BF4B-00C04F79EFBC}") = "5.Working With Strings", "5.Working With Strings\5.Working With Strings.csproj", "{9B2E07E5-E67B-4539-B1B3-FA7235E6C731}"
EndProject
Global
	GlobalSection(SolutionConfigurationPlatforms) = preSolution
		Debug|Any CPU = Debug|Any CPU
		Release|Any CPU = Release|Any CPU
	EndGlobalSection
	GlobalSection(ProjectConfigurationPlatforms) = postSolution
		{9B2E07E5-E67B-4539-B1B3-FA7235E6C731}.Debug|Any CPU.ActiveCfg = Debug|Any CPU
		{9B2E07E5-E67B-4539-B1B3-FA7235E6C731}.Debug|Any CPU.Build.0 = Debug|Any CPU
		{9B2E07E5-E67B-4539-B1B3-FA7235E6C731}.Release|Any CPU.ActiveCfg = Release|Any CPU
		{9B2E07E5-E67B-4539-B1B3-FA7235E6C731}.Release|Any CPU.Build.0 = Release|Any CPU
	EndGlobalSection
	GlobalSection(SolutionProperties) = preSolution
		HideSolutionNode = FALSE
	EndGlobalSection
	GlobalSection(ExtensibilityGlobals) = postSolution
		SolutionGuid = {AF011968-0FAD-4C84-B7B7-7C23FFCCEA55}
	EndGlobalSection
EndGlobal
